
Microsoft Visual Studio Solution File, Format Version 12.00
# Visual Studio Version 17
VisualStudioVersion = 17.0.31903.59
MinimumVisualStudioVersion = 10.0.40219.1
Project("{2150E333-8FDC-42A3-9474-1A3956D46DE8}") = "src", "src", "{0C286902-01C6-41FF-9923-9202746EB1BE}"
EndProject
Project("{FAE04EC0-301F-11D3-BF4B-00C04F79EFBC}") = "SalesManagement.Api", "src\SalesManagement.Api\SalesManagement.Api.csproj", "{C06325C2-7C08-427A-9C54-36D56A59A980}"
EndProject
Global
	GlobalSection(SolutionConfigurationPlatforms) = preSolution
		Debug|Any CPU = Debug|Any CPU
		Release|Any CPU = Release|Any CPU
	EndGlobalSection
	GlobalSection(SolutionProperties) = preSolution
		HideSolutionNode = FALSE
	EndGlobalSection
	GlobalSection(ProjectConfigurationPlatforms) = postSolution
		{C06325C2-7C08-427A-9C54-36D56A59A980}.Debug|Any CPU.ActiveCfg = Debug|Any CPU
		{C06325C2-7C08-427A-9C54-36D56A59A980}.Debug|Any CPU.Build.0 = Debug|Any CPU
		{C06325C2-7C08-427A-9C54-36D56A59A980}.Release|Any CPU.ActiveCfg = Release|Any CPU
		{C06325C2-7C08-427A-9C54-36D56A59A980}.Release|Any CPU.Build.0 = Release|Any CPU
	EndGlobalSection
	GlobalSection(NestedProjects) = preSolution
		{C06325C2-7C08-427A-9C54-36D56A59A980} = {0C286902-01C6-41FF-9923-9202746EB1BE}
	EndGlobalSection
EndGlobal
